
Microsoft Visual Studio Solution File, Format Version 12.00
# Visual Studio Version 17
VisualStudioVersion = 17.5.33530.505
MinimumVisualStudioVersion = 10.0.40219.1
Project("{9A19103F-16F7-4668-BE54-9A1E7A4F7556}") = "ViewLayer", "ViewLayer\ViewLayer.csproj", "{2348DFEA-3A8C-41CF-BFC0-F7C9E89C9FFE}"
EndProject
Project("{9A19103F-16F7-4668-BE54-9A1E7A4F7556}") = "DomainLayer", "DomainLayer\DomainLayer.csproj", "{14841012-CFB3-4EC6-A7C9-52F8AB390261}"
EndProject
Project("{9A19103F-16F7-4668-BE54-9A1E7A4F7556}") = "ApplicationLayer", "ApplicationLayer\ApplicationLayer.csproj", "{76F9C986-3C49-4B9E-B7FE-10D4DDDDD1E2}"
EndProject
Project("{2150E333-8FDC-42A3-9474-1A3956D46DE8}") = "Database", "Database", "{1B6819F1-AAAF-46A6-B479-D18AC851D9A6}"
	ProjectSection(SolutionItems) = preProject
		F:\SQLITE\MARC_Validator.db = F:\SQLITE\MARC_Validator.db
	EndProjectSection
EndProject
Project("{FAE04EC0-301F-11D3-BF4B-00C04F79EFBC}") = "DataAccessLayer", "DataAccessLayer\DataAccessLayer.csproj", "{97120ECD-9E21-42DF-89A8-F47BAA1D4F34}"
EndProject
Global
	GlobalSection(SolutionConfigurationPlatforms) = preSolution
		Debug|Any CPU = Debug|Any CPU
		Release|Any CPU = Release|Any CPU
	EndGlobalSection
	GlobalSection(ProjectConfigurationPlatforms) = postSolution
		{2348DFEA-3A8C-41CF-BFC0-F7C9E89C9FFE}.Debug|Any CPU.ActiveCfg = Debug|Any CPU
		{2348DFEA-3A8C-41CF-BFC0-F7C9E89C9FFE}.Debug|Any CPU.Build.0 = Debug|Any CPU
		{2348DFEA-3A8C-41CF-BFC0-F7C9E89C9FFE}.Release|Any CPU.ActiveCfg = Release|Any CPU
		{2348DFEA-3A8C-41CF-BFC0-F7C9E89C9FFE}.Release|Any CPU.Build.0 = Release|Any CPU
		{14841012-CFB3-4EC6-A7C9-52F8AB390261}.Debug|Any CPU.ActiveCfg = Debug|Any CPU
		{14841012-CFB3-4EC6-A7C9-52F8AB390261}.Debug|Any CPU.Build.0 = Debug|Any CPU
		{14841012-CFB3-4EC6-A7C9-52F8AB390261}.Release|Any CPU.ActiveCfg = Release|Any CPU
		{14841012-CFB3-4EC6-A7C9-52F8AB390261}.Release|Any CPU.Build.0 = Release|Any CPU
		{76F9C986-3C49-4B9E-B7FE-10D4DDDDD1E2}.Debug|Any CPU.ActiveCfg = Debug|Any CPU
		{76F9C986-3C49-4B9E-B7FE-10D4DDDDD1E2}.Debug|Any CPU.Build.0 = Debug|Any CPU
		{76F9C986-3C49-4B9E-B7FE-10D4DDDDD1E2}.Release|Any CPU.ActiveCfg = Release|Any CPU
		{76F9C986-3C49-4B9E-B7FE-10D4DDDDD1E2}.Release|Any CPU.Build.0 = Release|Any CPU
		{97120ECD-9E21-42DF-89A8-F47BAA1D4F34}.Debug|Any CPU.ActiveCfg = Debug|Any CPU
		{97120ECD-9E21-42DF-89A8-F47BAA1D4F34}.Debug|Any CPU.Build.0 = Debug|Any CPU
		{97120ECD-9E21-42DF-89A8-F47BAA1D4F34}.Release|Any CPU.ActiveCfg = Release|Any CPU
		{97120ECD-9E21-42DF-89A8-F47BAA1D4F34}.Release|Any CPU.Build.0 = Release|Any CPU
	EndGlobalSection
	GlobalSection(SolutionProperties) = preSolution
		HideSolutionNode = FALSE
	EndGlobalSection
	GlobalSection(ExtensibilityGlobals) = postSolution
		SolutionGuid = {C3AE9B18-2B17-448B-ADB7-66B0C0E5FC14}
	EndGlobalSection
EndGlobal
